
Microsoft Visual Studio Solution File, Format Version 12.00
# Visual Studio Version 17
VisualStudioVersion = 17.7.34221.43
MinimumVisualStudioVersion = 10.0.40219.1
Project("{8BC9CEB8-8B4A-11D0-8D11-00A0C91BC942}") = "parser_ini", "parser_ini\parser_ini.vcxproj", "{8C933D03-3DDA-49FF-8067-EC0B21FF5EFD}"
EndProject
Global
	GlobalSection(SolutionConfigurationPlatforms) = preSolution
		Debug|x64 = Debug|x64
		Debug|x86 = Debug|x86
		Release|x64 = Release|x64
		Release|x86 = Release|x86
	EndGlobalSection
	GlobalSection(ProjectConfigurationPlatforms) = postSolution
		{8C933D03-3DDA-49FF-8067-EC0B21FF5EFD}.Debug|x64.ActiveCfg = Debug|x64
		{8C933D03-3DDA-49FF-8067-EC0B21FF5EFD}.Debug|x64.Build.0 = Debug|x64
		{8C933D03-3DDA-49FF-8067-EC0B21FF5EFD}.Debug|x86.ActiveCfg = Debug|Win32
		{8C933D03-3DDA-49FF-8067-EC0B21FF5EFD}.Debug|x86.Build.0 = Debug|Win32
		{8C933D03-3DDA-49FF-8067-EC0B21FF5EFD}.Release|x64.ActiveCfg = Release|x64
		{8C933D03-3DDA-49FF-8067-EC0B21FF5EFD}.Release|x64.Build.0 = Release|x64
		{8C933D03-3DDA-49FF-8067-EC0B21FF5EFD}.Release|x86.ActiveCfg = Release|Win32
		{8C933D03-3DDA-49FF-8067-EC0B21FF5EFD}.Release|x86.Build.0 = Release|Win32
	EndGlobalSection
	GlobalSection(SolutionProperties) = preSolution
		HideSolutionNode = FALSE
	EndGlobalSection
	GlobalSection(ExtensibilityGlobals) = postSolution
		SolutionGuid = {9CFDCEB5-564D-4875-B10C-CFF8D2CAE8AA}
	EndGlobalSection
EndGlobal
